
Microsoft Visual Studio Solution File, Format Version 12.00
# Visual Studio 15
VisualStudioVersion = 15.0.28307.902
MinimumVisualStudioVersion = 10.0.40219.1
Project("{FAE04EC0-301F-11D3-BF4B-00C04F79EFBC}") = "ControllerDoctorUWP", "ControllerDoctorUWP\ControllerDoctorUWP.csproj", "{BE5C79DD-96E9-46B4-A72A-71561F06BCBB}"
EndProject
Global
	GlobalSection(SolutionConfigurationPlatforms) = preSolution
		Debug|ARM = Debug|ARM
		Debug|ARM64 = Debug|ARM64
		Debug|x64 = Debug|x64
		Debug|x86 = Debug|x86
		Release|ARM = Release|ARM
		Release|ARM64 = Release|ARM64
		Release|x64 = Release|x64
		Release|x86 = Release|x86
	EndGlobalSection
	GlobalSection(ProjectConfigurationPlatforms) = postSolution
		{BE5C79DD-96E9-46B4-A72A-71561F06BCBB}.Debug|ARM.ActiveCfg = Debug|ARM
		{BE5C79DD-96E9-46B4-A72A-71561F06BCBB}.Debug|ARM.Build.0 = Debug|ARM
		{BE5C79DD-96E9-46B4-A72A-71561F06BCBB}.Debug|ARM.Deploy.0 = Debug|ARM
		{BE5C79DD-96E9-46B4-A72A-71561F06BCBB}.Debug|ARM64.ActiveCfg = Debug|ARM64
		{BE5C79DD-96E9-46B4-A72A-71561F06BCBB}.Debug|ARM64.Build.0 = Debug|ARM64
		{BE5C79DD-96E9-46B4-A72A-71561F06BCBB}.Debug|ARM64.Deploy.0 = Debug|ARM64
		{BE5C79DD-96E9-46B4-A72A-71561F06BCBB}.Debug|x64.ActiveCfg = Debug|x64
		{BE5C79DD-96E9-46B4-A72A-71561F06BCBB}.Debug|x64.Build.0 = Debug|x64
		{BE5C79DD-96E9-46B4-A72A-71561F06BCBB}.Debug|x64.Deploy.0 = Debug|x64
		{BE5C79DD-96E9-46B4-A72A-71561F06BCBB}.Debug|x86.ActiveCfg = Debug|x86
		{BE5C79DD-96E9-46B4-A72A-71561F06BCBB}.Debug|x86.Build.0 = Debug|x86
		{BE5C79DD-96E9-46B4-A72A-71561F06BCBB}.Debug|x86.Deploy.0 = Debug|x86
		{BE5C79DD-96E9-46B4-A72A-71561F06BCBB}.Release|ARM.ActiveCfg = Release|ARM
		{BE5C79DD-96E9-46B4-A72A-71561F06BCBB}.Release|ARM.Build.0 = Release|ARM
		{BE5C79DD-96E9-46B4-A72A-71561F06BCBB}.Release|ARM.Deploy.0 = Release|ARM
		{BE5C79DD-96E9-46B4-A72A-71561F06BCBB}.Release|ARM64.ActiveCfg = Release|ARM64
		{BE5C79DD-96E9-46B4-A72A-71561F06BCBB}.Release|ARM64.Build.0 = Release|ARM64
		{BE5C79DD-96E9-46B4-A72A-71561F06BCBB}.Release|ARM64.Deploy.0 = Release|ARM64
		{BE5C79DD-96E9-46B4-A72A-71561F06BCBB}.Release|x64.ActiveCfg = Release|x64
		{BE5C79DD-96E9-46B4-A72A-71561F06BCBB}.Release|x64.Build.0 = Release|x64
		{BE5C79DD-96E9-46B4-A72A-71561F06BCBB}.Release|x64.Deploy.0 = Release|x64
		{BE5C79DD-96E9-46B4-A72A-71561F06BCBB}.Release|x86.ActiveCfg = Release|x86
		{BE5C79DD-96E9-46B4-A72A-71561F06BCBB}.Release|x86.Build.0 = Release|x86
		{BE5C79DD-96E9-46B4-A72A-71561F06BCBB}.Release|x86.Deploy.0 = Release|x86
	EndGlobalSection
	GlobalSection(SolutionProperties) = preSolution
		HideSolutionNode = FALSE
	EndGlobalSection
	GlobalSection(ExtensibilityGlobals) = postSolution
		SolutionGuid = {4EC696FE-816C-430F-BC06-52C08ACC5408}
	EndGlobalSection
EndGlobal
